// !$*UTF8*$!
{
	archiveVersion = 1;
	classes = {
	};
	objectVersion = 50;
	objects = {

/* Begin PBXBuildFile section */
		49099D580E1E70C8E46B4EF0 /* Pods_Sandol.framework in Frameworks */ = {isa = PBXBuildFile; fileRef = 9217C5910399DDA8212B570A /* Pods_Sandol.framework */; };
		5931AFF16B673FEE62250705 /* Pods_SandolTests.framework in Frameworks */ = {isa = PBXBuildFile; fileRef = 4ABF575CAB6D256E3AD5BC57 /* Pods_SandolTests.framework */; };
		62FA451E958E036E009D06CD /* Pods_SandolUITests.framework in Frameworks */ = {isa = PBXBuildFile; fileRef = 517BB80F78C482517087757B /* Pods_SandolUITests.framework */; };
		C6794CD721DA1C9600B3E0A7 /* HexStringToUIColor.swift in Sources */ = {isa = PBXBuildFile; fileRef = C6794CD621DA1C9600B3E0A7 /* HexStringToUIColor.swift */; };
		C6794CDD21DD773100B3E0A7 /* logoold.jpg in Resources */ = {isa = PBXBuildFile; fileRef = C6794CDB21DD773100B3E0A7 /* logoold.jpg */; };
		C6794CDE21DD773100B3E0A7 /* bg.jpg in Resources */ = {isa = PBXBuildFile; fileRef = C6794CDC21DD773100B3E0A7 /* bg.jpg */; };
		C6794CE021DD7AB000B3E0A7 /* logoTransparented.png in Resources */ = {isa = PBXBuildFile; fileRef = C6794CDF21DD7AB000B3E0A7 /* logoTransparented.png */; };
		C6794CE521DE36E300B3E0A7 /* tvN_Bold.otf in Resources */ = {isa = PBXBuildFile; fileRef = C6794CE421DE36D000B3E0A7 /* tvN_Bold.otf */; };
		C6794CE621DE36E600B3E0A7 /* tvN_Light.otf in Resources */ = {isa = PBXBuildFile; fileRef = C6794CE221DE36D000B3E0A7 /* tvN_Light.otf */; };
		C6794CE721DE36E900B3E0A7 /* tvN_Medium.otf in Resources */ = {isa = PBXBuildFile; fileRef = C6794CE321DE36D000B3E0A7 /* tvN_Medium.otf */; };
		C6794CE921DE3E6200B3E0A7 /* UIView+Extension.swift in Sources */ = {isa = PBXBuildFile; fileRef = C6794CE821DE3E6200B3E0A7 /* UIView+Extension.swift */; };
		C6A863FC21C8B93B0043DC99 /* AppDelegate.swift in Sources */ = {isa = PBXBuildFile; fileRef = C6A863FB21C8B93B0043DC99 /* AppDelegate.swift */; };
		C6A8640121C8B93B0043DC99 /* Main.storyboard in Resources */ = {isa = PBXBuildFile; fileRef = C6A863FF21C8B93B0043DC99 /* Main.storyboard */; };
		C6A8640321C8B93C0043DC99 /* Assets.xcassets in Resources */ = {isa = PBXBuildFile; fileRef = C6A8640221C8B93C0043DC99 /* Assets.xcassets */; };
		C6A8640621C8B93C0043DC99 /* LaunchScreen.storyboard in Resources */ = {isa = PBXBuildFile; fileRef = C6A8640421C8B93C0043DC99 /* LaunchScreen.storyboard */; };
		C6A8641121C8B93C0043DC99 /* SandolTests.swift in Sources */ = {isa = PBXBuildFile; fileRef = C6A8641021C8B93C0043DC99 /* SandolTests.swift */; };
		C6A8641C21C8B93C0043DC99 /* SandolUITests.swift in Sources */ = {isa = PBXBuildFile; fileRef = C6A8641B21C8B93C0043DC99 /* SandolUITests.swift */; };
		C6EAC97321CB1BFE006AD979 /* IntroViewController.swift in Sources */ = {isa = PBXBuildFile; fileRef = C6EAC97221CB1BFE006AD979 /* IntroViewController.swift */; };
		C6EAC97521CB2313006AD979 /* MainViewController.swift in Sources */ = {isa = PBXBuildFile; fileRef = C6EAC97421CB2313006AD979 /* MainViewController.swift */; };
/* End PBXBuildFile section */

/* Begin PBXContainerItemProxy section */
		C6A8640D21C8B93C0043DC99 /* PBXContainerItemProxy */ = {
			isa = PBXContainerItemProxy;
			containerPortal = C6A863F021C8B93B0043DC99 /* Project object */;
			proxyType = 1;
			remoteGlobalIDString = C6A863F721C8B93B0043DC99;
			remoteInfo = Sandol;
		};
		C6A8641821C8B93C0043DC99 /* PBXContainerItemProxy */ = {
			isa = PBXContainerItemProxy;
			containerPortal = C6A863F021C8B93B0043DC99 /* Project object */;
			proxyType = 1;
			remoteGlobalIDString = C6A863F721C8B93B0043DC99;
			remoteInfo = Sandol;
		};
/* End PBXContainerItemProxy section */

/* Begin PBXFileReference section */
		4ABF575CAB6D256E3AD5BC57 /* Pods_SandolTests.framework */ = {isa = PBXFileReference; explicitFileType = wrapper.framework; includeInIndex = 0; path = Pods_SandolTests.framework; sourceTree = BUILT_PRODUCTS_DIR; };
		4B28144D107574BE142CD8EE /* Pods-Sandol.debug.xcconfig */ = {isa = PBXFileReference; includeInIndex = 1; lastKnownFileType = text.xcconfig; name = "Pods-Sandol.debug.xcconfig"; path = "Pods/Target Support Files/Pods-Sandol/Pods-Sandol.debug.xcconfig"; sourceTree = "<group>"; };
		517BB80F78C482517087757B /* Pods_SandolUITests.framework */ = {isa = PBXFileReference; explicitFileType = wrapper.framework; includeInIndex = 0; path = Pods_SandolUITests.framework; sourceTree = BUILT_PRODUCTS_DIR; };
		52CE995ABA22E7B59AE8E426 /* Pods-SandolTests.debug.xcconfig */ = {isa = PBXFileReference; includeInIndex = 1; lastKnownFileType = text.xcconfig; name = "Pods-SandolTests.debug.xcconfig"; path = "Pods/Target Support Files/Pods-SandolTests/Pods-SandolTests.debug.xcconfig"; sourceTree = "<group>"; };
		693A16AA0001168838974862 /* Pods-Sandol.release.xcconfig */ = {isa = PBXFileReference; includeInIndex = 1; lastKnownFileType = text.xcconfig; name = "Pods-Sandol.release.xcconfig"; path = "Pods/Target Support Files/Pods-Sandol/Pods-Sandol.release.xcconfig"; sourceTree = "<group>"; };
		9217C5910399DDA8212B570A /* Pods_Sandol.framework */ = {isa = PBXFileReference; explicitFileType = wrapper.framework; includeInIndex = 0; path = Pods_Sandol.framework; sourceTree = BUILT_PRODUCTS_DIR; };
		B1B69FEE18607DF429E7720D /* Pods-SandolTests.release.xcconfig */ = {isa = PBXFileReference; includeInIndex = 1; lastKnownFileType = text.xcconfig; name = "Pods-SandolTests.release.xcconfig"; path = "Pods/Target Support Files/Pods-SandolTests/Pods-SandolTests.release.xcconfig"; sourceTree = "<group>"; };
		B88BF23C1249CCB640CE19A3 /* Pods-SandolUITests.debug.xcconfig */ = {isa = PBXFileReference; includeInIndex = 1; lastKnownFileType = text.xcconfig; name = "Pods-SandolUITests.debug.xcconfig"; path = "Pods/Target Support Files/Pods-SandolUITests/Pods-SandolUITests.debug.xcconfig"; sourceTree = "<group>"; };
		C6794CD621DA1C9600B3E0A7 /* HexStringToUIColor.swift */ = {isa = PBXFileReference; lastKnownFileType = sourcecode.swift; path = HexStringToUIColor.swift; sourceTree = "<group>"; };
		C6794CDB21DD773100B3E0A7 /* logoold.jpg */ = {isa = PBXFileReference; lastKnownFileType = image.jpeg; path = logoold.jpg; sourceTree = "<group>"; };
		C6794CDC21DD773100B3E0A7 /* bg.jpg */ = {isa = PBXFileReference; lastKnownFileType = image.jpeg; path = bg.jpg; sourceTree = "<group>"; };
		C6794CDF21DD7AB000B3E0A7 /* logoTransparented.png */ = {isa = PBXFileReference; lastKnownFileType = image.png; path = logoTransparented.png; sourceTree = "<group>"; };
		C6794CE221DE36D000B3E0A7 /* tvN_Light.otf */ = {isa = PBXFileReference; lastKnownFileType = file; path = tvN_Light.otf; sourceTree = "<group>"; };
		C6794CE321DE36D000B3E0A7 /* tvN_Medium.otf */ = {isa = PBXFileReference; lastKnownFileType = file; path = tvN_Medium.otf; sourceTree = "<group>"; };
		C6794CE421DE36D000B3E0A7 /* tvN_Bold.otf */ = {isa = PBXFileReference; lastKnownFileType = file; path = tvN_Bold.otf; sourceTree = "<group>"; };
		C6794CE821DE3E6200B3E0A7 /* UIView+Extension.swift */ = {isa = PBXFileReference; lastKnownFileType = sourcecode.swift; path = "UIView+Extension.swift"; sourceTree = "<group>"; };
		C6A863F821C8B93B0043DC99 /* Sandol.app */ = {isa = PBXFileReference; explicitFileType = wrapper.application; includeInIndex = 0; path = Sandol.app; sourceTree = BUILT_PRODUCTS_DIR; };
		C6A863FB21C8B93B0043DC99 /* AppDelegate.swift */ = {isa = PBXFileReference; lastKnownFileType = sourcecode.swift; path = AppDelegate.swift; sourceTree = "<group>"; };
		C6A8640021C8B93B0043DC99 /* Base */ = {isa = PBXFileReference; lastKnownFileType = file.storyboard; name = Base; path = Base.lproj/Main.storyboard; sourceTree = "<group>"; };
		C6A8640221C8B93C0043DC99 /* Assets.xcassets */ = {isa = PBXFileReference; lastKnownFileType = folder.assetcatalog; path = Assets.xcassets; sourceTree = "<group>"; };
		C6A8640521C8B93C0043DC99 /* Base */ = {isa = PBXFileReference; lastKnownFileType = file.storyboard; name = Base; path = Base.lproj/LaunchScreen.storyboard; sourceTree = "<group>"; };
		C6A8640721C8B93C0043DC99 /* Info.plist */ = {isa = PBXFileReference; lastKnownFileType = text.plist.xml; path = Info.plist; sourceTree = "<group>"; };
		C6A8640C21C8B93C0043DC99 /* SandolTests.xctest */ = {isa = PBXFileReference; explicitFileType = wrapper.cfbundle; includeInIndex = 0; path = SandolTests.xctest; sourceTree = BUILT_PRODUCTS_DIR; };
		C6A8641021C8B93C0043DC99 /* SandolTests.swift */ = {isa = PBXFileReference; lastKnownFileType = sourcecode.swift; path = SandolTests.swift; sourceTree = "<group>"; };
		C6A8641221C8B93C0043DC99 /* Info.plist */ = {isa = PBXFileReference; lastKnownFileType = text.plist.xml; path = Info.plist; sourceTree = "<group>"; };
		C6A8641721C8B93C0043DC99 /* SandolUITests.xctest */ = {isa = PBXFileReference; explicitFileType = wrapper.cfbundle; includeInIndex = 0; path = SandolUITests.xctest; sourceTree = BUILT_PRODUCTS_DIR; };
		C6A8641B21C8B93C0043DC99 /* SandolUITests.swift */ = {isa = PBXFileReference; lastKnownFileType = sourcecode.swift; path = SandolUITests.swift; sourceTree = "<group>"; };
		C6A8641D21C8B93C0043DC99 /* Info.plist */ = {isa = PBXFileReference; lastKnownFileType = text.plist.xml; path = Info.plist; sourceTree = "<group>"; };
		C6EAC97221CB1BFE006AD979 /* IntroViewController.swift */ = {isa = PBXFileReference; lastKnownFileType = sourcecode.swift; path = IntroViewController.swift; sourceTree = "<group>"; };
		C6EAC97421CB2313006AD979 /* MainViewController.swift */ = {isa = PBXFileReference; lastKnownFileType = sourcecode.swift; path = MainViewController.swift; sourceTree = "<group>"; };
		CE9AC85544ABA1C2AC7BB9F6 /* Pods-SandolUITests.release.xcconfig */ = {isa = PBXFileReference; includeInIndex = 1; lastKnownFileType = text.xcconfig; name = "Pods-SandolUITests.release.xcconfig"; path = "Pods/Target Support Files/Pods-SandolUITests/Pods-SandolUITests.release.xcconfig"; sourceTree = "<group>"; };
/* End PBXFileReference section */

/* Begin PBXFrameworksBuildPhase section */
		C6A863F521C8B93B0043DC99 /* Frameworks */ = {
			isa = PBXFrameworksBuildPhase;
			buildActionMask = 2147483647;
			files = (
				49099D580E1E70C8E46B4EF0 /* Pods_Sandol.framework in Frameworks */,
			);
			runOnlyForDeploymentPostprocessing = 0;
		};
		C6A8640921C8B93C0043DC99 /* Frameworks */ = {
			isa = PBXFrameworksBuildPhase;
			buildActionMask = 2147483647;
			files = (
				5931AFF16B673FEE62250705 /* Pods_SandolTests.framework in Frameworks */,
			);
			runOnlyForDeploymentPostprocessing = 0;
		};
		C6A8641421C8B93C0043DC99 /* Frameworks */ = {
			isa = PBXFrameworksBuildPhase;
			buildActionMask = 2147483647;
			files = (
				62FA451E958E036E009D06CD /* Pods_SandolUITests.framework in Frameworks */,
			);
			runOnlyForDeploymentPostprocessing = 0;
		};
/* End PBXFrameworksBuildPhase section */

/* Begin PBXGroup section */
		4A80064151BC7AEC30D2987E /* Pods */ = {
			isa = PBXGroup;
			children = (
				4B28144D107574BE142CD8EE /* Pods-Sandol.debug.xcconfig */,
				693A16AA0001168838974862 /* Pods-Sandol.release.xcconfig */,
				52CE995ABA22E7B59AE8E426 /* Pods-SandolTests.debug.xcconfig */,
				B1B69FEE18607DF429E7720D /* Pods-SandolTests.release.xcconfig */,
				B88BF23C1249CCB640CE19A3 /* Pods-SandolUITests.debug.xcconfig */,
				CE9AC85544ABA1C2AC7BB9F6 /* Pods-SandolUITests.release.xcconfig */,
			);
			name = Pods;
			sourceTree = "<group>";
		};
		6AAF2EF042729451C773AC6A /* Frameworks */ = {
			isa = PBXGroup;
			children = (
				9217C5910399DDA8212B570A /* Pods_Sandol.framework */,
				4ABF575CAB6D256E3AD5BC57 /* Pods_SandolTests.framework */,
				517BB80F78C482517087757B /* Pods_SandolUITests.framework */,
			);
			name = Frameworks;
			sourceTree = "<group>";
		};
		C6794CDA21DD772200B3E0A7 /* Images */ = {
			isa = PBXGroup;
			children = (
				C6794CDC21DD773100B3E0A7 /* bg.jpg */,
				C6794CDB21DD773100B3E0A7 /* logoold.jpg */,
				C6794CDF21DD7AB000B3E0A7 /* logoTransparented.png */,
			);
			path = Images;
			sourceTree = "<group>";
		};
		C6794CE121DE369F00B3E0A7 /* Fonts */ = {
			isa = PBXGroup;
			children = (
				C6794CE421DE36D000B3E0A7 /* tvN_Bold.otf */,
				C6794CE221DE36D000B3E0A7 /* tvN_Light.otf */,
				C6794CE321DE36D000B3E0A7 /* tvN_Medium.otf */,
			);
			path = Fonts;
			sourceTree = "<group>";
		};
		C6A863EF21C8B93B0043DC99 = {
			isa = PBXGroup;
			children = (
				C6794CE821DE3E6200B3E0A7 /* UIView+Extension.swift */,
				C6794CE121DE369F00B3E0A7 /* Fonts */,
				C6794CDA21DD772200B3E0A7 /* Images */,
				C6A863FA21C8B93B0043DC99 /* Sandol */,
				C6A8640F21C8B93C0043DC99 /* SandolTests */,
				C6A8641A21C8B93C0043DC99 /* SandolUITests */,
				C6A863F921C8B93B0043DC99 /* Products */,
				4A80064151BC7AEC30D2987E /* Pods */,
				6AAF2EF042729451C773AC6A /* Frameworks */,
			);
			sourceTree = "<group>";
		};
		C6A863F921C8B93B0043DC99 /* Products */ = {
			isa = PBXGroup;
			children = (
				C6A863F821C8B93B0043DC99 /* Sandol.app */,
				C6A8640C21C8B93C0043DC99 /* SandolTests.xctest */,
				C6A8641721C8B93C0043DC99 /* SandolUITests.xctest */,
			);
			name = Products;
			sourceTree = "<group>";
		};
		C6A863FA21C8B93B0043DC99 /* Sandol */ = {
			isa = PBXGroup;
			children = (
				C6A863FF21C8B93B0043DC99 /* Main.storyboard */,
				C6A8640421C8B93C0043DC99 /* LaunchScreen.storyboard */,
				C6A8640221C8B93C0043DC99 /* Assets.xcassets */,
				C6A863FB21C8B93B0043DC99 /* AppDelegate.swift */,
				C6A8640721C8B93C0043DC99 /* Info.plist */,
				C6EAC97221CB1BFE006AD979 /* IntroViewController.swift */,
				C6EAC97421CB2313006AD979 /* MainViewController.swift */,
				C6794CD621DA1C9600B3E0A7 /* HexStringToUIColor.swift */,
			);
			path = Sandol;
			sourceTree = "<group>";
		};
		C6A8640F21C8B93C0043DC99 /* SandolTests */ = {
			isa = PBXGroup;
			children = (
				C6A8641021C8B93C0043DC99 /* SandolTests.swift */,
				C6A8641221C8B93C0043DC99 /* Info.plist */,
			);
			path = SandolTests;
			sourceTree = "<group>";
		};
		C6A8641A21C8B93C0043DC99 /* SandolUITests */ = {
			isa = PBXGroup;
			children = (
				C6A8641B21C8B93C0043DC99 /* SandolUITests.swift */,
				C6A8641D21C8B93C0043DC99 /* Info.plist */,
			);
			path = SandolUITests;
			sourceTree = "<group>";
		};
/* End PBXGroup section */

/* Begin PBXNativeTarget section */
		C6A863F721C8B93B0043DC99 /* Sandol */ = {
			isa = PBXNativeTarget;
			buildConfigurationList = C6A8642021C8B93C0043DC99 /* Build configuration list for PBXNativeTarget "Sandol" */;
			buildPhases = (
				6D1E3CB2C6701140A0E79CC3 /* [CP] Check Pods Manifest.lock */,
				C6A863F421C8B93B0043DC99 /* Sources */,
				C6A863F521C8B93B0043DC99 /* Frameworks */,
				C6A863F621C8B93B0043DC99 /* Resources */,
			);
			buildRules = (
			);
			dependencies = (
			);
			name = Sandol;
			productName = Sandol;
			productReference = C6A863F821C8B93B0043DC99 /* Sandol.app */;
			productType = "com.apple.product-type.application";
		};
		C6A8640B21C8B93C0043DC99 /* SandolTests */ = {
			isa = PBXNativeTarget;
			buildConfigurationList = C6A8642321C8B93C0043DC99 /* Build configuration list for PBXNativeTarget "SandolTests" */;
			buildPhases = (
				C641FBF09B20BFFC377A494C /* [CP] Check Pods Manifest.lock */,
				C6A8640821C8B93C0043DC99 /* Sources */,
				C6A8640921C8B93C0043DC99 /* Frameworks */,
				C6A8640A21C8B93C0043DC99 /* Resources */,
			);
			buildRules = (
			);
			dependencies = (
				C6A8640E21C8B93C0043DC99 /* PBXTargetDependency */,
			);
			name = SandolTests;
			productName = SandolTests;
			productReference = C6A8640C21C8B93C0043DC99 /* SandolTests.xctest */;
			productType = "com.apple.product-type.bundle.unit-test";
		};
		C6A8641621C8B93C0043DC99 /* SandolUITests */ = {
			isa = PBXNativeTarget;
			buildConfigurationList = C6A8642621C8B93C0043DC99 /* Build configuration list for PBXNativeTarget "SandolUITests" */;
			buildPhases = (
				A36C480F5C4E833E05076D81 /* [CP] Check Pods Manifest.lock */,
				C6A8641321C8B93C0043DC99 /* Sources */,
				C6A8641421C8B93C0043DC99 /* Frameworks */,
				C6A8641521C8B93C0043DC99 /* Resources */,
			);
			buildRules = (
			);
			dependencies = (
				C6A8641921C8B93C0043DC99 /* PBXTargetDependency */,
			);
			name = SandolUITests;
			productName = SandolUITests;
			productReference = C6A8641721C8B93C0043DC99 /* SandolUITests.xctest */;
			productType = "com.apple.product-type.bundle.ui-testing";
		};
/* End PBXNativeTarget section */

/* Begin PBXProject section */
		C6A863F021C8B93B0043DC99 /* Project object */ = {
			isa = PBXProject;
			attributes = {
				LastSwiftUpdateCheck = 1010;
				LastUpgradeCheck = 1010;
				ORGANIZATIONNAME = Albatross;
				TargetAttributes = {
					C6A863F721C8B93B0043DC99 = {
						CreatedOnToolsVersion = 10.1;
					};
					C6A8640B21C8B93C0043DC99 = {
						CreatedOnToolsVersion = 10.1;
						TestTargetID = C6A863F721C8B93B0043DC99;
					};
					C6A8641621C8B93C0043DC99 = {
						CreatedOnToolsVersion = 10.1;
						TestTargetID = C6A863F721C8B93B0043DC99;
					};
				};
			};
			buildConfigurationList = C6A863F321C8B93B0043DC99 /* Build configuration list for PBXProject "Sandol" */;
			compatibilityVersion = "Xcode 9.3";
			developmentRegion = en;
			hasScannedForEncodings = 0;
			knownRegions = (
				en,
				Base,
			);
			mainGroup = C6A863EF21C8B93B0043DC99;
			productRefGroup = C6A863F921C8B93B0043DC99 /* Products */;
			projectDirPath = "";
			projectRoot = "";
			targets = (
				C6A863F721C8B93B0043DC99 /* Sandol */,
				C6A8640B21C8B93C0043DC99 /* SandolTests */,
				C6A8641621C8B93C0043DC99 /* SandolUITests */,
			);
		};
/* End PBXProject section */

/* Begin PBXResourcesBuildPhase section */
		C6A863F621C8B93B0043DC99 /* Resources */ = {
			isa = PBXResourcesBuildPhase;
			buildActionMask = 2147483647;
			files = (
				C6794CDE21DD773100B3E0A7 /* bg.jpg in Resources */,
				C6A8640621C8B93C0043DC99 /* LaunchScreen.storyboard in Resources */,
				C6794CE021DD7AB000B3E0A7 /* logoTransparented.png in Resources */,
				C6794CE621DE36E600B3E0A7 /* tvN_Light.otf in Resources */,
				C6794CE521DE36E300B3E0A7 /* tvN_Bold.otf in Resources */,
				C6A8640321C8B93C0043DC99 /* Assets.xcassets in Resources */,
				C6794CE721DE36E900B3E0A7 /* tvN_Medium.otf in Resources */,
				C6794CDD21DD773100B3E0A7 /* logoold.jpg in Resources */,
				C6A8640121C8B93B0043DC99 /* Main.storyboard in Resources */,
			);
			runOnlyForDeploymentPostprocessing = 0;
		};
		C6A8640A21C8B93C0043DC99 /* Resources */ = {
			isa = PBXResourcesBuildPhase;
			buildActionMask = 2147483647;
			files = (
			);
			runOnlyForDeploymentPostprocessing = 0;
		};
		C6A8641521C8B93C0043DC99 /* Resources */ = {
			isa = PBXResourcesBuildPhase;
			buildActionMask = 2147483647;
			files = (
			);
			runOnlyForDeploymentPostprocessing = 0;
		};
/* End PBXResourcesBuildPhase section */

/* Begin PBXShellScriptBuildPhase section */
		6D1E3CB2C6701140A0E79CC3 /* [CP] Check Pods Manifest.lock */ = {
			isa = PBXShellScriptBuildPhase;
			buildActionMask = 2147483647;
			files = (
			);
			inputFileListPaths = (
			);
			inputPaths = (
				"${PODS_PODFILE_DIR_PATH}/Podfile.lock",
				"${PODS_ROOT}/Manifest.lock",
			);
			name = "[CP] Check Pods Manifest.lock";
			outputFileListPaths = (
			);
			outputPaths = (
				"$(DERIVED_FILE_DIR)/Pods-Sandol-checkManifestLockResult.txt",
			);
			runOnlyForDeploymentPostprocessing = 0;
			shellPath = /bin/sh;
			shellScript = "diff \"${PODS_PODFILE_DIR_PATH}/Podfile.lock\" \"${PODS_ROOT}/Manifest.lock\" > /dev/null\nif [ $? != 0 ] ; then\n    # print error to STDERR\n    echo \"error: The sandbox is not in sync with the Podfile.lock. Run 'pod install' or update your CocoaPods installation.\" >&2\n    exit 1\nfi\n# This output is used by Xcode 'outputs' to avoid re-running this script phase.\necho \"SUCCESS\" > \"${SCRIPT_OUTPUT_FILE_0}\"\n";
			showEnvVarsInLog = 0;
		};
		A36C480F5C4E833E05076D81 /* [CP] Check Pods Manifest.lock */ = {
			isa = PBXShellScriptBuildPhase;
			buildActionMask = 2147483647;
			files = (
			);
			inputFileListPaths = (
			);
			inputPaths = (
				"${PODS_PODFILE_DIR_PATH}/Podfile.lock",
				"${PODS_ROOT}/Manifest.lock",
			);
			name = "[CP] Check Pods Manifest.lock";
			outputFileListPaths = (
			);
			outputPaths = (
				"$(DERIVED_FILE_DIR)/Pods-SandolUITests-checkManifestLockResult.txt",
			);
			runOnlyForDeploymentPostprocessing = 0;
			shellPath = /bin/sh;
			shellScript = "diff \"${PODS_PODFILE_DIR_PATH}/Podfile.lock\" \"${PODS_ROOT}/Manifest.lock\" > /dev/null\nif [ $? != 0 ] ; then\n    # print error to STDERR\n    echo \"error: The sandbox is not in sync with the Podfile.lock. Run 'pod install' or update your CocoaPods installation.\" >&2\n    exit 1\nfi\n# This output is used by Xcode 'outputs' to avoid re-running this script phase.\necho \"SUCCESS\" > \"${SCRIPT_OUTPUT_FILE_0}\"\n";
			showEnvVarsInLog = 0;
		};
		C641FBF09B20BFFC377A494C /* [CP] Check Pods Manifest.lock */ = {
			isa = PBXShellScriptBuildPhase;
			buildActionMask = 2147483647;
			files = (
			);
			inputFileListPaths = (
			);
			inputPaths = (
				"${PODS_PODFILE_DIR_PATH}/Podfile.lock",
				"${PODS_ROOT}/Manifest.lock",
			);
			name = "[CP] Check Pods Manifest.lock";
			outputFileListPaths = (
			);
			outputPaths = (
				"$(DERIVED_FILE_DIR)/Pods-SandolTests-checkManifestLockResult.txt",
			);
			runOnlyForDeploymentPostprocessing = 0;
			shellPath = /bin/sh;
			shellScript = "diff \"${PODS_PODFILE_DIR_PATH}/Podfile.lock\" \"${PODS_ROOT}/Manifest.lock\" > /dev/null\nif [ $? != 0 ] ; then\n    # print error to STDERR\n    echo \"error: The sandbox is not in sync with the Podfile.lock. Run 'pod install' or update your CocoaPods installation.\" >&2\n    exit 1\nfi\n# This output is used by Xcode 'outputs' to avoid re-running this script phase.\necho \"SUCCESS\" > \"${SCRIPT_OUTPUT_FILE_0}\"\n";
			showEnvVarsInLog = 0;
		};
/* End PBXShellScriptBuildPhase section */

/* Begin PBXSourcesBuildPhase section */
		C6A863F421C8B93B0043DC99 /* Sources */ = {
			isa = PBXSourcesBuildPhase;
			buildActionMask = 2147483647;
			files = (
				C6EAC97521CB2313006AD979 /* MainViewController.swift in Sources */,
				C6EAC97321CB1BFE006AD979 /* IntroViewController.swift in Sources */,
				C6A863FC21C8B93B0043DC99 /* AppDelegate.swift in Sources */,
				C6794CE921DE3E6200B3E0A7 /* UIView+Extension.swift in Sources */,
				C6794CD721DA1C9600B3E0A7 /* HexStringToUIColor.swift in Sources */,
			);
			runOnlyForDeploymentPostprocessing = 0;
		};
		C6A8640821C8B93C0043DC99 /* Sources */ = {
			isa = PBXSourcesBuildPhase;
			buildActionMask = 2147483647;
			files = (
				C6A8641121C8B93C0043DC99 /* SandolTests.swift in Sources */,
			);
			runOnlyForDeploymentPostprocessing = 0;
		};
		C6A8641321C8B93C0043DC99 /* Sources */ = {
			isa = PBXSourcesBuildPhase;
			buildActionMask = 2147483647;
			files = (
				C6A8641C21C8B93C0043DC99 /* SandolUITests.swift in Sources */,
			);
			runOnlyForDeploymentPostprocessing = 0;
		};
/* End PBXSourcesBuildPhase section */

/* Begin PBXTargetDependency section */
		C6A8640E21C8B93C0043DC99 /* PBXTargetDependency */ = {
			isa = PBXTargetDependency;
			target = C6A863F721C8B93B0043DC99 /* Sandol */;
			targetProxy = C6A8640D21C8B93C0043DC99 /* PBXContainerItemProxy */;
		};
		C6A8641921C8B93C0043DC99 /* PBXTargetDependency */ = {
			isa = PBXTargetDependency;
			target = C6A863F721C8B93B0043DC99 /* Sandol */;
			targetProxy = C6A8641821C8B93C0043DC99 /* PBXContainerItemProxy */;
		};
/* End PBXTargetDependency section */

/* Begin PBXVariantGroup section */
		C6A863FF21C8B93B0043DC99 /* Main.storyboard */ = {
			isa = PBXVariantGroup;
			children = (
				C6A8640021C8B93B0043DC99 /* Base */,
			);
			name = Main.storyboard;
			sourceTree = "<group>";
		};
		C6A8640421C8B93C0043DC99 /* LaunchScreen.storyboard */ = {
			isa = PBXVariantGroup;
			children = (
				C6A8640521C8B93C0043DC99 /* Base */,
			);
			name = LaunchScreen.storyboard;
			sourceTree = "<group>";
		};
/* End PBXVariantGroup section */

/* Begin XCBuildConfiguration section */
		C6A8641E21C8B93C0043DC99 /* Debug */ = {
			isa = XCBuildConfiguration;
			buildSettings = {
				ALWAYS_SEARCH_USER_PATHS = NO;
				CLANG_ANALYZER_NONNULL = YES;
				CLANG_ANALYZER_NUMBER_OBJECT_CONVERSION = YES_AGGRESSIVE;
				CLANG_CXX_LANGUAGE_STANDARD = "gnu++14";
				CLANG_CXX_LIBRARY = "libc++";
				CLANG_ENABLE_MODULES = YES;
				CLANG_ENABLE_OBJC_ARC = YES;
				CLANG_ENABLE_OBJC_WEAK = YES;
				CLANG_WARN_BLOCK_CAPTURE_AUTORELEASING = YES;
				CLANG_WARN_BOOL_CONVERSION = YES;
				CLANG_WARN_COMMA = YES;
				CLANG_WARN_CONSTANT_CONVERSION = YES;
				CLANG_WARN_DEPRECATED_OBJC_IMPLEMENTATIONS = YES;
				CLANG_WARN_DIRECT_OBJC_ISA_USAGE = YES_ERROR;
				CLANG_WARN_DOCUMENTATION_COMMENTS = YES;
				CLANG_WARN_EMPTY_BODY = YES;
				CLANG_WARN_ENUM_CONVERSION = YES;
				CLANG_WARN_INFINITE_RECURSION = YES;
				CLANG_WARN_INT_CONVERSION = YES;
				CLANG_WARN_NON_LITERAL_NULL_CONVERSION = YES;
				CLANG_WARN_OBJC_IMPLICIT_RETAIN_SELF = YES;
				CLANG_WARN_OBJC_LITERAL_CONVERSION = YES;
				CLANG_WARN_OBJC_ROOT_CLASS = YES_ERROR;
				CLANG_WARN_RANGE_LOOP_ANALYSIS = YES;
				CLANG_WARN_STRICT_PROTOTYPES = YES;
				CLANG_WARN_SUSPICIOUS_MOVE = YES;
				CLANG_WARN_UNGUARDED_AVAILABILITY = YES_AGGRESSIVE;
				CLANG_WARN_UNREACHABLE_CODE = YES;
				CLANG_WARN__DUPLICATE_METHOD_MATCH = YES;
				CODE_SIGN_IDENTITY = "iPhone Developer";
				COPY_PHASE_STRIP = NO;
				DEBUG_INFORMATION_FORMAT = dwarf;
				ENABLE_STRICT_OBJC_MSGSEND = YES;
				ENABLE_TESTABILITY = YES;
				GCC_C_LANGUAGE_STANDARD = gnu11;
				GCC_DYNAMIC_NO_PIC = NO;
				GCC_NO_COMMON_BLOCKS = YES;
				GCC_OPTIMIZATION_LEVEL = 0;
				GCC_PREPROCESSOR_DEFINITIONS = (
					"DEBUG=1",
					"$(inherited)",
				);
				GCC_WARN_64_TO_32_BIT_CONVERSION = YES;
				GCC_WARN_ABOUT_RETURN_TYPE = YES_ERROR;
				GCC_WARN_UNDECLARED_SELECTOR = YES;
				GCC_WARN_UNINITIALIZED_AUTOS = YES_AGGRESSIVE;
				GCC_WARN_UNUSED_FUNCTION = YES;
				GCC_WARN_UNUSED_VARIABLE = YES;
				IPHONEOS_DEPLOYMENT_TARGET = 12.1;
				MTL_ENABLE_DEBUG_INFO = INCLUDE_SOURCE;
				MTL_FAST_MATH = YES;
				ONLY_ACTIVE_ARCH = YES;
				SDKROOT = iphoneos;
				SWIFT_ACTIVE_COMPILATION_CONDITIONS = DEBUG;
				SWIFT_OPTIMIZATION_LEVEL = "-Onone";
			};
			name = Debug;
		};
		C6A8641F21C8B93C0043DC99 /* Release */ = {
			isa = XCBuildConfiguration;
			buildSettings = {
				ALWAYS_SEARCH_USER_PATHS = NO;
				CLANG_ANALYZER_NONNULL = YES;
				CLANG_ANALYZER_NUMBER_OBJECT_CONVERSION = YES_AGGRESSIVE;
				CLANG_CXX_LANGUAGE_STANDARD = "gnu++14";
				CLANG_CXX_LIBRARY = "libc++";
				CLANG_ENABLE_MODULES = YES;
				CLANG_ENABLE_OBJC_ARC = YES;
				CLANG_ENABLE_OBJC_WEAK = YES;
				CLANG_WARN_BLOCK_CAPTURE_AUTORELEASING = YES;
				CLANG_WARN_BOOL_CONVERSION = YES;
				CLANG_WARN_COMMA = YES;
				CLANG_WARN_CONSTANT_CONVERSION = YES;
				CLANG_WARN_DEPRECATED_OBJC_IMPLEMENTATIONS = YES;
				CLANG_WARN_DIRECT_OBJC_ISA_USAGE = YES_ERROR;
				CLANG_WARN_DOCUMENTATION_COMMENTS = YES;
				CLANG_WARN_EMPTY_BODY = YES;
				CLANG_WARN_ENUM_CONVERSION = YES;
				CLANG_WARN_INFINITE_RECURSION = YES;
				CLANG_WARN_INT_CONVERSION = YES;
				CLANG_WARN_NON_LITERAL_NULL_CONVERSION = YES;
				CLANG_WARN_OBJC_IMPLICIT_RETAIN_SELF = YES;
				CLANG_WARN_OBJC_LITERAL_CONVERSION = YES;
				CLANG_WARN_OBJC_ROOT_CLASS = YES_ERROR;
				CLANG_WARN_RANGE_LOOP_ANALYSIS = YES;
				CLANG_WARN_STRICT_PROTOTYPES = YES;
				CLANG_WARN_SUSPICIOUS_MOVE = YES;
				CLANG_WARN_UNGUARDED_AVAILABILITY = YES_AGGRESSIVE;
				CLANG_WARN_UNREACHABLE_CODE = YES;
				CLANG_WARN__DUPLICATE_METHOD_MATCH = YES;
				CODE_SIGN_IDENTITY = "iPhone Developer";
				COPY_PHASE_STRIP = NO;
				DEBUG_INFORMATION_FORMAT = "dwarf-with-dsym";
				ENABLE_NS_ASSERTIONS = NO;
				ENABLE_STRICT_OBJC_MSGSEND = YES;
				GCC_C_LANGUAGE_STANDARD = gnu11;
				GCC_NO_COMMON_BLOCKS = YES;
				GCC_WARN_64_TO_32_BIT_CONVERSION = YES;
				GCC_WARN_ABOUT_RETURN_TYPE = YES_ERROR;
				GCC_WARN_UNDECLARED_SELECTOR = YES;
				GCC_WARN_UNINITIALIZED_AUTOS = YES_AGGRESSIVE;
				GCC_WARN_UNUSED_FUNCTION = YES;
				GCC_WARN_UNUSED_VARIABLE = YES;
				IPHONEOS_DEPLOYMENT_TARGET = 12.1;
				MTL_ENABLE_DEBUG_INFO = NO;
				MTL_FAST_MATH = YES;
				SDKROOT = iphoneos;
				SWIFT_COMPILATION_MODE = wholemodule;
				SWIFT_OPTIMIZATION_LEVEL = "-O";
				VALIDATE_PRODUCT = YES;
			};
			name = Release;
		};
		C6A8642121C8B93C0043DC99 /* Debug */ = {
			isa = XCBuildConfiguration;
			baseConfigurationReference = 4B28144D107574BE142CD8EE /* Pods-Sandol.debug.xcconfig */;
			buildSettings = {
				ASSETCATALOG_COMPILER_APPICON_NAME = AppIcon;
				CODE_SIGN_STYLE = Automatic;
				DEVELOPMENT_TEAM = X74SG9NQ3M;
				INFOPLIST_FILE = Sandol/Info.plist;
				IPHONEOS_DEPLOYMENT_TARGET = 11.0;
				LD_RUNPATH_SEARCH_PATHS = (
					"$(inherited)",
					"@executable_path/Frameworks",
				);
				PRODUCT_BUNDLE_IDENTIFIER = Albatross.Sandol;
				PRODUCT_NAME = "$(TARGET_NAME)";
				SWIFT_VERSION = 4.2;
				TARGETED_DEVICE_FAMILY = 1;
			};
			name = Debug;
		};
		C6A8642221C8B93C0043DC99 /* Release */ = {
			isa = XCBuildConfiguration;
			baseConfigurationReference = 693A16AA0001168838974862 /* Pods-Sandol.release.xcconfig */;
			buildSettings = {
				ASSETCATALOG_COMPILER_APPICON_NAME = AppIcon;
				CODE_SIGN_STYLE = Automatic;
				DEVELOPMENT_TEAM = X74SG9NQ3M;
				INFOPLIST_FILE = Sandol/Info.plist;
				IPHONEOS_DEPLOYMENT_TARGET = 11.0;
				LD_RUNPATH_SEARCH_PATHS = (
					"$(inherited)",
					"@executable_path/Frameworks",
				);
				PRODUCT_BUNDLE_IDENTIFIER = Albatross.Sandol;
				PRODUCT_NAME = "$(TARGET_NAME)";
				SWIFT_VERSION = 4.2;
				TARGETED_DEVICE_FAMILY = 1;
			};
			name = Release;
		};
		C6A8642421C8B93C0043DC99 /* Debug */ = {
			isa = XCBuildConfiguration;
			baseConfigurationReference = 52CE995ABA22E7B59AE8E426 /* Pods-SandolTests.debug.xcconfig */;
			buildSettings = {
				ALWAYS_EMBED_SWIFT_STANDARD_LIBRARIES = YES;
				BUNDLE_LOADER = "$(TEST_HOST)";
				CODE_SIGN_STYLE = Automatic;
				DEVELOPMENT_TEAM = X74SG9NQ3M;
				INFOPLIST_FILE = SandolTests/Info.plist;
				LD_RUNPATH_SEARCH_PATHS = (
					"$(inherited)",
					"@executable_path/Frameworks",
					"@loader_path/Frameworks",
				);
				PRODUCT_BUNDLE_IDENTIFIER = Albatross.SandolTests;
				PRODUCT_NAME = "$(TARGET_NAME)";
				SWIFT_VERSION = 4.2;
				TARGETED_DEVICE_FAMILY = "1,2";
				TEST_HOST = "$(BUILT_PRODUCTS_DIR)/Sandol.app/Sandol";
			};
			name = Debug;
		};
		C6A8642521C8B93C0043DC99 /* Release */ = {
			isa = XCBuildConfiguration;
			baseConfigurationReference = B1B69FEE18607DF429E7720D /* Pods-SandolTests.release.xcconfig */;
			buildSettings = {
				ALWAYS_EMBED_SWIFT_STANDARD_LIBRARIES = YES;
				BUNDLE_LOADER = "$(TEST_HOST)";
				CODE_SIGN_STYLE = Automatic;
				DEVELOPMENT_TEAM = X74SG9NQ3M;
				INFOPLIST_FILE = SandolTests/Info.plist;
				LD_RUNPATH_SEARCH_PATHS = (
					"$(inherited)",
					"@executable_path/Frameworks",
					"@loader_path/Frameworks",
				);
				PRODUCT_BUNDLE_IDENTIFIER = Albatross.SandolTests;
				PRODUCT_NAME = "$(TARGET_NAME)";
				SWIFT_VERSION = 4.2;
				TARGETED_DEVICE_FAMILY = "1,2";
				TEST_HOST = "$(BUILT_PRODUCTS_DIR)/Sandol.app/Sandol";
			};
			name = Release;
		};
		C6A8642721C8B93C0043DC99 /* Debug */ = {
			isa = XCBuildConfiguration;
			baseConfigurationReference = B88BF23C1249CCB640CE19A3 /* Pods-SandolUITests.debug.xcconfig */;
			buildSettings = {
				ALWAYS_EMBED_SWIFT_STANDARD_LIBRARIES = YES;
				CODE_SIGN_STYLE = Automatic;
				DEVELOPMENT_TEAM = X74SG9NQ3M;
				INFOPLIST_FILE = SandolUITests/Info.plist;
				LD_RUNPATH_SEARCH_PATHS = (
					"$(inherited)",
					"@executable_path/Frameworks",
					"@loader_path/Frameworks",
				);
				PRODUCT_BUNDLE_IDENTIFIER = Albatross.SandolUITests;
				PRODUCT_NAME = "$(TARGET_NAME)";
				SWIFT_VERSION = 4.2;
				TARGETED_DEVICE_FAMILY = "1,2";
				TEST_TARGET_NAME = Sandol;
			};
			name = Debug;
		};
		C6A8642821C8B93C0043DC99 /* Release */ = {
			isa = XCBuildConfiguration;
			baseConfigurationReference = CE9AC85544ABA1C2AC7BB9F6 /* Pods-SandolUITests.release.xcconfig */;
			buildSettings = {
				ALWAYS_EMBED_SWIFT_STANDARD_LIBRARIES = YES;
				CODE_SIGN_STYLE = Automatic;
				DEVELOPMENT_TEAM = X74SG9NQ3M;
				INFOPLIST_FILE = SandolUITests/Info.plist;
				LD_RUNPATH_SEARCH_PATHS = (
					"$(inherited)",
					"@executable_path/Frameworks",
					"@loader_path/Frameworks",
				);
				PRODUCT_BUNDLE_IDENTIFIER = Albatross.SandolUITests;
				PRODUCT_NAME = "$(TARGET_NAME)";
				SWIFT_VERSION = 4.2;
				TARGETED_DEVICE_FAMILY = "1,2";
				TEST_TARGET_NAME = Sandol;
			};
			name = Release;
		};
/* End XCBuildConfiguration section */

/* Begin XCConfigurationList section */
		C6A863F321C8B93B0043DC99 /* Build configuration list for PBXProject "Sandol" */ = {
			isa = XCConfigurationList;
			buildConfigurations = (
				C6A8641E21C8B93C0043DC99 /* Debug */,
				C6A8641F21C8B93C0043DC99 /* Release */,
			);
			defaultConfigurationIsVisible = 0;
			defaultConfigurationName = Release;
		};
		C6A8642021C8B93C0043DC99 /* Build configuration list for PBXNativeTarget "Sandol" */ = {
			isa = XCConfigurationList;
			buildConfigurations = (
				C6A8642121C8B93C0043DC99 /* Debug */,
				C6A8642221C8B93C0043DC99 /* Release */,
			);
			defaultConfigurationIsVisible = 0;
			defaultConfigurationName = Release;
		};
		C6A8642321C8B93C0043DC99 /* Build configuration list for PBXNativeTarget "SandolTests" */ = {
			isa = XCConfigurationList;
			buildConfigurations = (
				C6A8642421C8B93C0043DC99 /* Debug */,
				C6A8642521C8B93C0043DC99 /* Release */,
			);
			defaultConfigurationIsVisible = 0;
			defaultConfigurationName = Release;
		};
		C6A8642621C8B93C0043DC99 /* Build configuration list for PBXNativeTarget "SandolUITests" */ = {
			isa = XCConfigurationList;
			buildConfigurations = (
				C6A8642721C8B93C0043DC99 /* Debug */,
				C6A8642821C8B93C0043DC99 /* Release */,
			);
			defaultConfigurationIsVisible = 0;
			defaultConfigurationName = Release;
		};
/* End XCConfigurationList section */
	};
	rootObject = C6A863F021C8B93B0043DC99 /* Project object */;
}
